
Microsoft Visual Studio Solution File, Format Version 12.00
# Visual Studio Version 16
VisualStudioVersion = 16.0.30011.22
MinimumVisualStudioVersion = 10.0.40219.1
Project("{9A19103F-16F7-4668-BE54-9A1E7A4F7556}") = "LiveDemoSeleniumAdvanced", "LiveDemoSeleniumAdvanced.csproj", "{7F3DC383-4269-4F35-ABA2-E96BCDFA1E16}"
EndProject
Project("{FAE04EC0-301F-11D3-BF4B-00C04F79EFBC}") = "DemoQASite", "..\DemoQASite\DemoQASite.csproj", "{FD404100-529D-4228-B787-39E5C9040432}"
EndProject
Global
	GlobalSection(SolutionConfigurationPlatforms) = preSolution
		Debug|Any CPU = Debug|Any CPU
		Release|Any CPU = Release|Any CPU
	EndGlobalSection
	GlobalSection(ProjectConfigurationPlatforms) = postSolution
		{7F3DC383-4269-4F35-ABA2-E96BCDFA1E16}.Debug|Any CPU.ActiveCfg = Debug|Any CPU
		{7F3DC383-4269-4F35-ABA2-E96BCDFA1E16}.Debug|Any CPU.Build.0 = Debug|Any CPU
		{7F3DC383-4269-4F35-ABA2-E96BCDFA1E16}.Release|Any CPU.ActiveCfg = Release|Any CPU
		{7F3DC383-4269-4F35-ABA2-E96BCDFA1E16}.Release|Any CPU.Build.0 = Release|Any CPU
		{FD404100-529D-4228-B787-39E5C9040432}.Debug|Any CPU.ActiveCfg = Debug|Any CPU
		{FD404100-529D-4228-B787-39E5C9040432}.Debug|Any CPU.Build.0 = Debug|Any CPU
		{FD404100-529D-4228-B787-39E5C9040432}.Release|Any CPU.ActiveCfg = Release|Any CPU
		{FD404100-529D-4228-B787-39E5C9040432}.Release|Any CPU.Build.0 = Release|Any CPU
	EndGlobalSection
	GlobalSection(SolutionProperties) = preSolution
		HideSolutionNode = FALSE
	EndGlobalSection
	GlobalSection(ExtensibilityGlobals) = postSolution
		SolutionGuid = {B0313BA3-EC17-4110-A371-D6BA8F45E42B}
	EndGlobalSection
EndGlobal
